
Microsoft Visual Studio Solution File, Format Version 12.00
# Visual Studio Version 17
VisualStudioVersion = 17.9.34902.65
MinimumVisualStudioVersion = 10.0.40219.1
Project("{FAE04EC0-301F-11D3-BF4B-00C04F79EFBC}") = "TraCuuPhatNguoi", "TraCuuPhatNguoi\TraCuuPhatNguoi.csproj", "{4DD4536C-585C-4B0F-8D69-36EB4A4F972A}"
EndProject
Global
	GlobalSection(SolutionConfigurationPlatforms) = preSolution
		Debug|Any CPU = Debug|Any CPU
		Release|Any CPU = Release|Any CPU
	EndGlobalSection
	GlobalSection(ProjectConfigurationPlatforms) = postSolution
		{4DD4536C-585C-4B0F-8D69-36EB4A4F972A}.Debug|Any CPU.ActiveCfg = Debug|Any CPU
		{4DD4536C-585C-4B0F-8D69-36EB4A4F972A}.Debug|Any CPU.Build.0 = Debug|Any CPU
		{4DD4536C-585C-4B0F-8D69-36EB4A4F972A}.Release|Any CPU.ActiveCfg = Release|Any CPU
		{4DD4536C-585C-4B0F-8D69-36EB4A4F972A}.Release|Any CPU.Build.0 = Release|Any CPU
	EndGlobalSection
	GlobalSection(SolutionProperties) = preSolution
		HideSolutionNode = FALSE
	EndGlobalSection
	GlobalSection(ExtensibilityGlobals) = postSolution
		SolutionGuid = {7AA40C53-2702-4715-B01B-81F60468B25B}
	EndGlobalSection
EndGlobal
